
Microsoft Visual Studio Solution File, Format Version 12.00
# Visual Studio Version 17
VisualStudioVersion = 17.9.34616.47
MinimumVisualStudioVersion = 10.0.40219.1
Project("{FAE04EC0-301F-11D3-BF4B-00C04F79EFBC}") = "Prueba1.Server", "Prueba1.Server\Prueba1.Server.csproj", "{591BC2A5-5141-4B75-8E6D-F85555EC414F}"
EndProject
Project("{54A90642-561A-4BB1-A94E-469ADEE60C69}") = "prueba1.client", "prueba1.client\prueba1.client.esproj", "{6CE228A6-CC04-4834-BEF1-C9006F683FB2}"
EndProject
Global
	GlobalSection(SolutionConfigurationPlatforms) = preSolution
		Debug|Any CPU = Debug|Any CPU
		Release|Any CPU = Release|Any CPU
	EndGlobalSection
	GlobalSection(ProjectConfigurationPlatforms) = postSolution
		{591BC2A5-5141-4B75-8E6D-F85555EC414F}.Debug|Any CPU.ActiveCfg = Debug|Any CPU
		{591BC2A5-5141-4B75-8E6D-F85555EC414F}.Debug|Any CPU.Build.0 = Debug|Any CPU
		{591BC2A5-5141-4B75-8E6D-F85555EC414F}.Release|Any CPU.ActiveCfg = Release|Any CPU
		{591BC2A5-5141-4B75-8E6D-F85555EC414F}.Release|Any CPU.Build.0 = Release|Any CPU
		{6CE228A6-CC04-4834-BEF1-C9006F683FB2}.Debug|Any CPU.ActiveCfg = Debug|Any CPU
		{6CE228A6-CC04-4834-BEF1-C9006F683FB2}.Debug|Any CPU.Build.0 = Debug|Any CPU
		{6CE228A6-CC04-4834-BEF1-C9006F683FB2}.Debug|Any CPU.Deploy.0 = Debug|Any CPU
		{6CE228A6-CC04-4834-BEF1-C9006F683FB2}.Release|Any CPU.ActiveCfg = Release|Any CPU
		{6CE228A6-CC04-4834-BEF1-C9006F683FB2}.Release|Any CPU.Build.0 = Release|Any CPU
		{6CE228A6-CC04-4834-BEF1-C9006F683FB2}.Release|Any CPU.Deploy.0 = Release|Any CPU
	EndGlobalSection
	GlobalSection(SolutionProperties) = preSolution
		HideSolutionNode = FALSE
	EndGlobalSection
	GlobalSection(ExtensibilityGlobals) = postSolution
		SolutionGuid = {16C4FF18-3077-4638-A1A0-68DC307F06BE}
	EndGlobalSection
EndGlobal
